// !$*UTF8*$!
{
	archiveVersion = 1;
	classes = {
	};
	objectVersion = 53;
	objects = {

/* Begin PBXBuildFile section */
		2B02728025B717DA00E5F90F /* PullCommand.swift in Sources */ = {isa = PBXBuildFile; fileRef = 2B02727F25B717DA00E5F90F /* PullCommand.swift */; };
		2B2EE90A297990D60015CF5A /* RepoCollectionItem.swift in Sources */ = {isa = PBXBuildFile; fileRef = 2B2EE909297990D60015CF5A /* RepoCollectionItem.swift */; };
		2B2EE913297992E80015CF5A /* RepoStatusUIApp.swift in Sources */ = {isa = PBXBuildFile; fileRef = 2B2EE912297992E80015CF5A /* RepoStatusUIApp.swift */; };
		2B2EE915297992E80015CF5A /* BaseWindowView.swift in Sources */ = {isa = PBXBuildFile; fileRef = 2B2EE914297992E80015CF5A /* BaseWindowView.swift */; };
		2B2EE917297992EA0015CF5A /* Assets.xcassets in Resources */ = {isa = PBXBuildFile; fileRef = 2B2EE916297992EA0015CF5A /* Assets.xcassets */; };
		2B2EE91B297992EA0015CF5A /* Preview Assets.xcassets in Resources */ = {isa = PBXBuildFile; fileRef = 2B2EE91A297992EA0015CF5A /* Preview Assets.xcassets */; };
		2B2EE920297994370015CF5A /* FileManager+Extension.swift in Sources */ = {isa = PBXBuildFile; fileRef = 37B09AD9259E94CF0012A2C8 /* FileManager+Extension.swift */; };
		2B2EE922297994370015CF5A /* String+Extension.swift in Sources */ = {isa = PBXBuildFile; fileRef = 37B09ADA259E94CF0012A2C8 /* String+Extension.swift */; };
		2B2EE9232979943E0015CF5A /* Shell.swift in Sources */ = {isa = PBXBuildFile; fileRef = 37032A5E253E889300FA6F18 /* Shell.swift */; };
		2B2EE9242979943E0015CF5A /* AppSettings.swift in Sources */ = {isa = PBXBuildFile; fileRef = 2B8C3F4426EB860000BC6B30 /* AppSettings.swift */; };
		2B2EE925297994460015CF5A /* RepoCollection.swift in Sources */ = {isa = PBXBuildFile; fileRef = 37032A47253D055B00FA6F18 /* RepoCollection.swift */; };
		2B2EE926297994460015CF5A /* Repo.swift in Sources */ = {isa = PBXBuildFile; fileRef = 37032A4A253D056C00FA6F18 /* Repo.swift */; };
		2B2EE927297994460015CF5A /* RepoGroup.swift in Sources */ = {isa = PBXBuildFile; fileRef = 37032A4D253D058900FA6F18 /* RepoGroup.swift */; };
		2B2EE928297994460015CF5A /* Git.swift in Sources */ = {isa = PBXBuildFile; fileRef = 37B09AC4259E927E0012A2C8 /* Git.swift */; };
		2B2EE929297994460015CF5A /* RepoCollectionItem.swift in Sources */ = {isa = PBXBuildFile; fileRef = 2B2EE909297990D60015CF5A /* RepoCollectionItem.swift */; };
		2B2EE92A297994460015CF5A /* Status.swift in Sources */ = {isa = PBXBuildFile; fileRef = 37032A50253D05AA00FA6F18 /* Status.swift */; };
		2B8C3F4526EB860000BC6B30 /* AppSettings.swift in Sources */ = {isa = PBXBuildFile; fileRef = 2B8C3F4426EB860000BC6B30 /* AppSettings.swift */; };
		2B9C012D2979D35300E6B77A /* Color+Extension.swift in Sources */ = {isa = PBXBuildFile; fileRef = 2B9C012C2979D35300E6B77A /* Color+Extension.swift */; };
		2BD252282791BAA300BE9389 /* FetchCommand.swift in Sources */ = {isa = PBXBuildFile; fileRef = 2BD252272791BAA300BE9389 /* FetchCommand.swift */; };
		2BE1322828006488008F03F3 /* PathCommand.swift in Sources */ = {isa = PBXBuildFile; fileRef = 2BE1322728006488008F03F3 /* PathCommand.swift */; };
		37032A48253D055B00FA6F18 /* RepoCollection.swift in Sources */ = {isa = PBXBuildFile; fileRef = 37032A47253D055B00FA6F18 /* RepoCollection.swift */; };
		37032A4B253D056C00FA6F18 /* Repo.swift in Sources */ = {isa = PBXBuildFile; fileRef = 37032A4A253D056C00FA6F18 /* Repo.swift */; };
		37032A4E253D058900FA6F18 /* RepoGroup.swift in Sources */ = {isa = PBXBuildFile; fileRef = 37032A4D253D058900FA6F18 /* RepoGroup.swift */; };
		37032A51253D05AA00FA6F18 /* Status.swift in Sources */ = {isa = PBXBuildFile; fileRef = 37032A50253D05AA00FA6F18 /* Status.swift */; };
		37032A5C253E733800FA6F18 /* ArgumentParser in Frameworks */ = {isa = PBXBuildFile; productRef = 37032A5B253E733800FA6F18 /* ArgumentParser */; };
		37032A5F253E889300FA6F18 /* Shell.swift in Sources */ = {isa = PBXBuildFile; fileRef = 37032A5E253E889300FA6F18 /* Shell.swift */; };
		3704FF58252BFB9D00E4A513 /* main.swift in Sources */ = {isa = PBXBuildFile; fileRef = 3704FF57252BFB9D00E4A513 /* main.swift */; };
		374F38D629984770003260A2 /* RepoCell.swift in Sources */ = {isa = PBXBuildFile; fileRef = 374F38D529984770003260A2 /* RepoCell.swift */; };
		374F38D9299847A3003260A2 /* GroupCell.swift in Sources */ = {isa = PBXBuildFile; fileRef = 374F38D8299847A3003260A2 /* GroupCell.swift */; };
		374F38DB29989E3B003260A2 /* ExpansionState.swift in Sources */ = {isa = PBXBuildFile; fileRef = 374F38DA29989E3B003260A2 /* ExpansionState.swift */; };
		374F38DE29999F51003260A2 /* ErrorMessageView.swift in Sources */ = {isa = PBXBuildFile; fileRef = 374F38DD29999F51003260A2 /* ErrorMessageView.swift */; };
		3773312D29A176E9001914C4 /* UUID+Extension.swift in Sources */ = {isa = PBXBuildFile; fileRef = 3773312C29A176E9001914C4 /* UUID+Extension.swift */; };
		3773312E29A176E9001914C4 /* UUID+Extension.swift in Sources */ = {isa = PBXBuildFile; fileRef = 3773312C29A176E9001914C4 /* UUID+Extension.swift */; };
		37787BBD259EB96500C79308 /* ANSIColour.swift in Sources */ = {isa = PBXBuildFile; fileRef = 37787BBC259EB96500C79308 /* ANSIColour.swift */; };
		37A97B4F2999AF1D0063B52F /* FileManager+Extension.swift in Sources */ = {isa = PBXBuildFile; fileRef = 37B09AD9259E94CF0012A2C8 /* FileManager+Extension.swift */; };
		37A97B502999AF380063B52F /* String+ANSI.swift in Sources */ = {isa = PBXBuildFile; fileRef = 37B09ADF259E94EA0012A2C8 /* String+ANSI.swift */; };
		37A97B512999AF3F0063B52F /* ANSIColour.swift in Sources */ = {isa = PBXBuildFile; fileRef = 37787BBC259EB96500C79308 /* ANSIColour.swift */; };
		37B09A8E259D3F520012A2C8 /* StatusCommand.swift in Sources */ = {isa = PBXBuildFile; fileRef = 37B09A8D259D3F520012A2C8 /* StatusCommand.swift */; };
		37B09A93259D3FBD0012A2C8 /* KeyCommand.swift in Sources */ = {isa = PBXBuildFile; fileRef = 37B09A92259D3FBD0012A2C8 /* KeyCommand.swift */; };
		37B09A98259D3FE70012A2C8 /* ConfigCommand.swift in Sources */ = {isa = PBXBuildFile; fileRef = 37B09A97259D3FE70012A2C8 /* ConfigCommand.swift */; };
		37B09A9D259D40190012A2C8 /* AddGroupCommand.swift in Sources */ = {isa = PBXBuildFile; fileRef = 37B09A9C259D40190012A2C8 /* AddGroupCommand.swift */; };
		37B09AA2259D40300012A2C8 /* AddRepoCommand.swift in Sources */ = {isa = PBXBuildFile; fileRef = 37B09AA1259D40300012A2C8 /* AddRepoCommand.swift */; };
		37B09AA7259D40490012A2C8 /* RemoveGroupCommand.swift in Sources */ = {isa = PBXBuildFile; fileRef = 37B09AA6259D40490012A2C8 /* RemoveGroupCommand.swift */; };
		37B09AAC259D40600012A2C8 /* RemoveRepoCommand.swift in Sources */ = {isa = PBXBuildFile; fileRef = 37B09AAB259D40600012A2C8 /* RemoveRepoCommand.swift */; };
		37B09AC5259E927E0012A2C8 /* Git.swift in Sources */ = {isa = PBXBuildFile; fileRef = 37B09AC4259E927E0012A2C8 /* Git.swift */; };
		37B09ADC259E94CF0012A2C8 /* String+Extension.swift in Sources */ = {isa = PBXBuildFile; fileRef = 37B09ADA259E94CF0012A2C8 /* String+Extension.swift */; };
		37B09AE0259E94EA0012A2C8 /* String+ANSI.swift in Sources */ = {isa = PBXBuildFile; fileRef = 37B09ADF259E94EA0012A2C8 /* String+ANSI.swift */; };
/* End PBXBuildFile section */

/* Begin PBXCopyFilesBuildPhase section */
		3704FF52252BFB9D00E4A513 /* CopyFiles */ = {
			isa = PBXCopyFilesBuildPhase;
			buildActionMask = 2147483647;
			dstPath = /usr/share/man/man1/;
			dstSubfolderSpec = 0;
			files = (
			);
			runOnlyForDeploymentPostprocessing = 1;
		};
/* End PBXCopyFilesBuildPhase section */

/* Begin PBXFileReference section */
		2B02727F25B717DA00E5F90F /* PullCommand.swift */ = {isa = PBXFileReference; lastKnownFileType = sourcecode.swift; path = PullCommand.swift; sourceTree = "<group>"; };
		2B2EE909297990D60015CF5A /* RepoCollectionItem.swift */ = {isa = PBXFileReference; lastKnownFileType = sourcecode.swift; path = RepoCollectionItem.swift; sourceTree = "<group>"; };
		2B2EE910297992E80015CF5A /* RepoStatusUI.app */ = {isa = PBXFileReference; explicitFileType = wrapper.application; includeInIndex = 0; path = RepoStatusUI.app; sourceTree = BUILT_PRODUCTS_DIR; };
		2B2EE912297992E80015CF5A /* RepoStatusUIApp.swift */ = {isa = PBXFileReference; lastKnownFileType = sourcecode.swift; path = RepoStatusUIApp.swift; sourceTree = "<group>"; };
		2B2EE914297992E80015CF5A /* BaseWindowView.swift */ = {isa = PBXFileReference; lastKnownFileType = sourcecode.swift; path = BaseWindowView.swift; sourceTree = "<group>"; };
		2B2EE916297992EA0015CF5A /* Assets.xcassets */ = {isa = PBXFileReference; lastKnownFileType = folder.assetcatalog; path = Assets.xcassets; sourceTree = "<group>"; };
		2B2EE918297992EA0015CF5A /* RepoStatusUI.entitlements */ = {isa = PBXFileReference; lastKnownFileType = text.plist.entitlements; path = RepoStatusUI.entitlements; sourceTree = "<group>"; };
		2B2EE91A297992EA0015CF5A /* Preview Assets.xcassets */ = {isa = PBXFileReference; lastKnownFileType = folder.assetcatalog; path = "Preview Assets.xcassets"; sourceTree = "<group>"; };
		2B8C3F4426EB860000BC6B30 /* AppSettings.swift */ = {isa = PBXFileReference; lastKnownFileType = sourcecode.swift; path = AppSettings.swift; sourceTree = "<group>"; };
		2B9C012C2979D35300E6B77A /* Color+Extension.swift */ = {isa = PBXFileReference; lastKnownFileType = sourcecode.swift; path = "Color+Extension.swift"; sourceTree = "<group>"; };
		2BD252272791BAA300BE9389 /* FetchCommand.swift */ = {isa = PBXFileReference; lastKnownFileType = sourcecode.swift; path = FetchCommand.swift; sourceTree = "<group>"; };
		2BE1322728006488008F03F3 /* PathCommand.swift */ = {isa = PBXFileReference; lastKnownFileType = sourcecode.swift; path = PathCommand.swift; sourceTree = "<group>"; };
		37032A47253D055B00FA6F18 /* RepoCollection.swift */ = {isa = PBXFileReference; fileEncoding = 4; lastKnownFileType = sourcecode.swift; path = RepoCollection.swift; sourceTree = "<group>"; };
		37032A4A253D056C00FA6F18 /* Repo.swift */ = {isa = PBXFileReference; lastKnownFileType = sourcecode.swift; path = Repo.swift; sourceTree = "<group>"; };
		37032A4D253D058900FA6F18 /* RepoGroup.swift */ = {isa = PBXFileReference; lastKnownFileType = sourcecode.swift; path = RepoGroup.swift; sourceTree = "<group>"; };
		37032A50253D05AA00FA6F18 /* Status.swift */ = {isa = PBXFileReference; lastKnownFileType = sourcecode.swift; path = Status.swift; sourceTree = "<group>"; };
		37032A5E253E889300FA6F18 /* Shell.swift */ = {isa = PBXFileReference; lastKnownFileType = sourcecode.swift; path = Shell.swift; sourceTree = "<group>"; };
		3704FF54252BFB9D00E4A513 /* RepoStatus */ = {isa = PBXFileReference; explicitFileType = "compiled.mach-o.executable"; includeInIndex = 0; path = RepoStatus; sourceTree = BUILT_PRODUCTS_DIR; };
		3704FF57252BFB9D00E4A513 /* main.swift */ = {isa = PBXFileReference; lastKnownFileType = sourcecode.swift; path = main.swift; sourceTree = "<group>"; };
		370E84FF254DF51F007E4A98 /* RepoStatus.entitlements */ = {isa = PBXFileReference; lastKnownFileType = text.plist.entitlements; path = RepoStatus.entitlements; sourceTree = "<group>"; };
		374F38D529984770003260A2 /* RepoCell.swift */ = {isa = PBXFileReference; lastKnownFileType = sourcecode.swift; path = RepoCell.swift; sourceTree = "<group>"; };
		374F38D8299847A3003260A2 /* GroupCell.swift */ = {isa = PBXFileReference; lastKnownFileType = sourcecode.swift; path = GroupCell.swift; sourceTree = "<group>"; };
		374F38DA29989E3B003260A2 /* ExpansionState.swift */ = {isa = PBXFileReference; lastKnownFileType = sourcecode.swift; path = ExpansionState.swift; sourceTree = "<group>"; };
		374F38DD29999F51003260A2 /* ErrorMessageView.swift */ = {isa = PBXFileReference; lastKnownFileType = sourcecode.swift; path = ErrorMessageView.swift; sourceTree = "<group>"; };
		3773312C29A176E9001914C4 /* UUID+Extension.swift */ = {isa = PBXFileReference; lastKnownFileType = sourcecode.swift; path = "UUID+Extension.swift"; sourceTree = "<group>"; };
		37787BB2259E9C0500C79308 /* README.md */ = {isa = PBXFileReference; fileEncoding = 4; lastKnownFileType = net.daringfireball.markdown; path = README.md; sourceTree = SOURCE_ROOT; };
		37787BBC259EB96500C79308 /* ANSIColour.swift */ = {isa = PBXFileReference; lastKnownFileType = sourcecode.swift; path = ANSIColour.swift; sourceTree = "<group>"; };
		37B09A8D259D3F520012A2C8 /* StatusCommand.swift */ = {isa = PBXFileReference; lastKnownFileType = sourcecode.swift; path = StatusCommand.swift; sourceTree = "<group>"; };
		37B09A92259D3FBD0012A2C8 /* KeyCommand.swift */ = {isa = PBXFileReference; lastKnownFileType = sourcecode.swift; path = KeyCommand.swift; sourceTree = "<group>"; };
		37B09A97259D3FE70012A2C8 /* ConfigCommand.swift */ = {isa = PBXFileReference; lastKnownFileType = sourcecode.swift; path = ConfigCommand.swift; sourceTree = "<group>"; };
		37B09A9C259D40190012A2C8 /* AddGroupCommand.swift */ = {isa = PBXFileReference; lastKnownFileType = sourcecode.swift; path = AddGroupCommand.swift; sourceTree = "<group>"; };
		37B09AA1259D40300012A2C8 /* AddRepoCommand.swift */ = {isa = PBXFileReference; lastKnownFileType = sourcecode.swift; path = AddRepoCommand.swift; sourceTree = "<group>"; };
		37B09AA6259D40490012A2C8 /* RemoveGroupCommand.swift */ = {isa = PBXFileReference; lastKnownFileType = sourcecode.swift; path = RemoveGroupCommand.swift; sourceTree = "<group>"; };
		37B09AAB259D40600012A2C8 /* RemoveRepoCommand.swift */ = {isa = PBXFileReference; lastKnownFileType = sourcecode.swift; path = RemoveRepoCommand.swift; sourceTree = "<group>"; };
		37B09AC4259E927E0012A2C8 /* Git.swift */ = {isa = PBXFileReference; lastKnownFileType = sourcecode.swift; path = Git.swift; sourceTree = "<group>"; };
		37B09AD9259E94CF0012A2C8 /* FileManager+Extension.swift */ = {isa = PBXFileReference; fileEncoding = 4; lastKnownFileType = sourcecode.swift; path = "FileManager+Extension.swift"; sourceTree = "<group>"; };
		37B09ADA259E94CF0012A2C8 /* String+Extension.swift */ = {isa = PBXFileReference; fileEncoding = 4; lastKnownFileType = sourcecode.swift; path = "String+Extension.swift"; sourceTree = "<group>"; };
		37B09ADF259E94EA0012A2C8 /* String+ANSI.swift */ = {isa = PBXFileReference; lastKnownFileType = sourcecode.swift; path = "String+ANSI.swift"; sourceTree = "<group>"; };
/* End PBXFileReference section */

/* Begin PBXFrameworksBuildPhase section */
		2B2EE90D297992E80015CF5A /* Frameworks */ = {
			isa = PBXFrameworksBuildPhase;
			buildActionMask = 2147483647;
			files = (
			);
			runOnlyForDeploymentPostprocessing = 0;
		};
		3704FF51252BFB9D00E4A513 /* Frameworks */ = {
			isa = PBXFrameworksBuildPhase;
			buildActionMask = 2147483647;
			files = (
				37032A5C253E733800FA6F18 /* ArgumentParser in Frameworks */,
			);
			runOnlyForDeploymentPostprocessing = 0;
		};
/* End PBXFrameworksBuildPhase section */

/* Begin PBXGroup section */
		2B2EE90B2979926E0015CF5A /* Shared */ = {
			isa = PBXGroup;
			children = (
				2B8C3F4426EB860000BC6B30 /* AppSettings.swift */,
				37032A5E253E889300FA6F18 /* Shell.swift */,
			);
			path = Shared;
			sourceTree = "<group>";
		};
		2B2EE911297992E80015CF5A /* RepoStatusUI */ = {
			isa = PBXGroup;
			children = (
				374F38D729984782003260A2 /* View */,
				374F38DA29989E3B003260A2 /* ExpansionState.swift */,
				2B2EE912297992E80015CF5A /* RepoStatusUIApp.swift */,
				2B2EE916297992EA0015CF5A /* Assets.xcassets */,
				2B2EE918297992EA0015CF5A /* RepoStatusUI.entitlements */,
				2B2EE919297992EA0015CF5A /* Preview Content */,
			);
			path = RepoStatusUI;
			sourceTree = "<group>";
		};
		2B2EE919297992EA0015CF5A /* Preview Content */ = {
			isa = PBXGroup;
			children = (
				2B2EE91A297992EA0015CF5A /* Preview Assets.xcassets */,
			);
			path = "Preview Content";
			sourceTree = "<group>";
		};
		37032A82253FC2C500FA6F18 /* Repo */ = {
			isa = PBXGroup;
			children = (
				37B09AC4259E927E0012A2C8 /* Git.swift */,
				37032A4A253D056C00FA6F18 /* Repo.swift */,
				37032A47253D055B00FA6F18 /* RepoCollection.swift */,
				2B2EE909297990D60015CF5A /* RepoCollectionItem.swift */,
				37032A4D253D058900FA6F18 /* RepoGroup.swift */,
				37032A50253D05AA00FA6F18 /* Status.swift */,
			);
			path = Repo;
			sourceTree = "<group>";
		};
		3704FF4B252BFB9D00E4A513 = {
			isa = PBXGroup;
			children = (
				37787BB2259E9C0500C79308 /* README.md */,
				37B09AD8259E94CF0012A2C8 /* Extensions */,
				2B2EE90B2979926E0015CF5A /* Shared */,
				37032A82253FC2C500FA6F18 /* Repo */,
				3704FF56252BFB9D00E4A513 /* RepoStatus */,
				2B2EE911297992E80015CF5A /* RepoStatusUI */,
				3704FF55252BFB9D00E4A513 /* Products */,
			);
			sourceTree = "<group>";
		};
		3704FF55252BFB9D00E4A513 /* Products */ = {
			isa = PBXGroup;
			children = (
				3704FF54252BFB9D00E4A513 /* RepoStatus */,
				2B2EE910297992E80015CF5A /* RepoStatusUI.app */,
			);
			name = Products;
			sourceTree = "<group>";
		};
		3704FF56252BFB9D00E4A513 /* RepoStatus */ = {
			isa = PBXGroup;
			children = (
				371BF3AF25A00CCC008521E9 /* Commands */,
				3704FF57252BFB9D00E4A513 /* main.swift */,
				370E84FF254DF51F007E4A98 /* RepoStatus.entitlements */,
			);
			path = RepoStatus;
			sourceTree = "<group>";
		};
		371BF3AF25A00CCC008521E9 /* Commands */ = {
			isa = PBXGroup;
			children = (
				37B09A9C259D40190012A2C8 /* AddGroupCommand.swift */,
				37B09AA1259D40300012A2C8 /* AddRepoCommand.swift */,
				37B09A97259D3FE70012A2C8 /* ConfigCommand.swift */,
				2BD252272791BAA300BE9389 /* FetchCommand.swift */,
				37B09A92259D3FBD0012A2C8 /* KeyCommand.swift */,
				2BE1322728006488008F03F3 /* PathCommand.swift */,
				2B02727F25B717DA00E5F90F /* PullCommand.swift */,
				37B09AA6259D40490012A2C8 /* RemoveGroupCommand.swift */,
				37B09AAB259D40600012A2C8 /* RemoveRepoCommand.swift */,
				37B09A8D259D3F520012A2C8 /* StatusCommand.swift */,
			);
			name = Commands;
			sourceTree = "<group>";
		};
		374F38D729984782003260A2 /* View */ = {
			isa = PBXGroup;
			children = (
				2B2EE914297992E80015CF5A /* BaseWindowView.swift */,
				374F38DD29999F51003260A2 /* ErrorMessageView.swift */,
				374F38D8299847A3003260A2 /* GroupCell.swift */,
				374F38D529984770003260A2 /* RepoCell.swift */,
			);
			path = View;
			sourceTree = "<group>";
		};
		37B09AD8259E94CF0012A2C8 /* Extensions */ = {
			isa = PBXGroup;
			children = (
				37787BBC259EB96500C79308 /* ANSIColour.swift */,
				3773312C29A176E9001914C4 /* UUID+Extension.swift */,
				2B9C012C2979D35300E6B77A /* Color+Extension.swift */,
				37B09AD9259E94CF0012A2C8 /* FileManager+Extension.swift */,
				37B09ADF259E94EA0012A2C8 /* String+ANSI.swift */,
				37B09ADA259E94CF0012A2C8 /* String+Extension.swift */,
			);
			path = Extensions;
			sourceTree = "<group>";
		};
/* End PBXGroup section */

/* Begin PBXNativeTarget section */
		2B2EE90F297992E80015CF5A /* RepoStatusUI */ = {
			isa = PBXNativeTarget;
			buildConfigurationList = 2B2EE91C297992EA0015CF5A /* Build configuration list for PBXNativeTarget "RepoStatusUI" */;
			buildPhases = (
				2B2EE90C297992E80015CF5A /* Sources */,
				2B2EE90D297992E80015CF5A /* Frameworks */,
				2B2EE90E297992E80015CF5A /* Resources */,
			);
			buildRules = (
			);
			dependencies = (
			);
			name = RepoStatusUI;
			productName = RepoStatusUI;
			productReference = 2B2EE910297992E80015CF5A /* RepoStatusUI.app */;
			productType = "com.apple.product-type.application";
		};
		3704FF53252BFB9D00E4A513 /* RepoStatus */ = {
			isa = PBXNativeTarget;
			buildConfigurationList = 3704FF5B252BFB9D00E4A513 /* Build configuration list for PBXNativeTarget "RepoStatus" */;
			buildPhases = (
				3704FF50252BFB9D00E4A513 /* Sources */,
				3704FF51252BFB9D00E4A513 /* Frameworks */,
				3704FF52252BFB9D00E4A513 /* CopyFiles */,
			);
			buildRules = (
			);
			dependencies = (
			);
			name = RepoStatus;
			packageProductDependencies = (
				37032A5B253E733800FA6F18 /* ArgumentParser */,
			);
			productName = GitMonitor;
			productReference = 3704FF54252BFB9D00E4A513 /* RepoStatus */;
			productType = "com.apple.product-type.tool";
		};
/* End PBXNativeTarget section */

/* Begin PBXProject section */
		3704FF4C252BFB9D00E4A513 /* Project object */ = {
			isa = PBXProject;
			attributes = {
				BuildIndependentTargetsInParallel = YES;
				LastSwiftUpdateCheck = 1420;
				LastUpgradeCheck = 1430;
				TargetAttributes = {
					2B2EE90F297992E80015CF5A = {
						CreatedOnToolsVersion = 14.2;
					};
					3704FF53252BFB9D00E4A513 = {
						CreatedOnToolsVersion = 12.0.1;
						LastSwiftMigration = 1220;
					};
				};
			};
			buildConfigurationList = 3704FF4F252BFB9D00E4A513 /* Build configuration list for PBXProject "RepoStatus" */;
			compatibilityVersion = "Xcode 9.3";
			developmentRegion = en;
			hasScannedForEncodings = 0;
			knownRegions = (
				en,
				Base,
			);
			mainGroup = 3704FF4B252BFB9D00E4A513;
			packageReferences = (
				37032A5A253E733800FA6F18 /* XCRemoteSwiftPackageReference "swift-argument-parser" */,
			);
			productRefGroup = 3704FF55252BFB9D00E4A513 /* Products */;
			projectDirPath = "";
			projectRoot = "";
			targets = (
				3704FF53252BFB9D00E4A513 /* RepoStatus */,
				2B2EE90F297992E80015CF5A /* RepoStatusUI */,
			);
		};
/* End PBXProject section */

/* Begin PBXResourcesBuildPhase section */
		2B2EE90E297992E80015CF5A /* Resources */ = {
			isa = PBXResourcesBuildPhase;
			buildActionMask = 2147483647;
			files = (
				2B2EE91B297992EA0015CF5A /* Preview Assets.xcassets in Resources */,
				2B2EE917297992EA0015CF5A /* Assets.xcassets in Resources */,
			);
			runOnlyForDeploymentPostprocessing = 0;
		};
/* End PBXResourcesBuildPhase section */

/* Begin PBXSourcesBuildPhase section */
		2B2EE90C297992E80015CF5A /* Sources */ = {
			isa = PBXSourcesBuildPhase;
			buildActionMask = 2147483647;
			files = (
				2B2EE925297994460015CF5A /* RepoCollection.swift in Sources */,
				2B9C012D2979D35300E6B77A /* Color+Extension.swift in Sources */,
				2B2EE915297992E80015CF5A /* BaseWindowView.swift in Sources */,
				374F38D9299847A3003260A2 /* GroupCell.swift in Sources */,
				2B2EE9232979943E0015CF5A /* Shell.swift in Sources */,
				374F38DB29989E3B003260A2 /* ExpansionState.swift in Sources */,
				2B2EE927297994460015CF5A /* RepoGroup.swift in Sources */,
				37A97B502999AF380063B52F /* String+ANSI.swift in Sources */,
				2B2EE920297994370015CF5A /* FileManager+Extension.swift in Sources */,
				2B2EE929297994460015CF5A /* RepoCollectionItem.swift in Sources */,
				2B2EE913297992E80015CF5A /* RepoStatusUIApp.swift in Sources */,
				2B2EE922297994370015CF5A /* String+Extension.swift in Sources */,
				2B2EE92A297994460015CF5A /* Status.swift in Sources */,
				2B2EE928297994460015CF5A /* Git.swift in Sources */,
				37A97B512999AF3F0063B52F /* ANSIColour.swift in Sources */,
				374F38DE29999F51003260A2 /* ErrorMessageView.swift in Sources */,
				2B2EE926297994460015CF5A /* Repo.swift in Sources */,
				2B2EE9242979943E0015CF5A /* AppSettings.swift in Sources */,
				3773312E29A176E9001914C4 /* UUID+Extension.swift in Sources */,
				374F38D629984770003260A2 /* RepoCell.swift in Sources */,
			);
			runOnlyForDeploymentPostprocessing = 0;
		};
		3704FF50252BFB9D00E4A513 /* Sources */ = {
			isa = PBXSourcesBuildPhase;
			buildActionMask = 2147483647;
			files = (
				2B2EE90A297990D60015CF5A /* RepoCollectionItem.swift in Sources */,
				2BD252282791BAA300BE9389 /* FetchCommand.swift in Sources */,
				37032A4B253D056C00FA6F18 /* Repo.swift in Sources */,
				37B09A9D259D40190012A2C8 /* AddGroupCommand.swift in Sources */,
				2B8C3F4526EB860000BC6B30 /* AppSettings.swift in Sources */,
				37032A4E253D058900FA6F18 /* RepoGroup.swift in Sources */,
				3704FF58252BFB9D00E4A513 /* main.swift in Sources */,
				37B09AAC259D40600012A2C8 /* RemoveRepoCommand.swift in Sources */,
				37B09A8E259D3F520012A2C8 /* StatusCommand.swift in Sources */,
				37B09A93259D3FBD0012A2C8 /* KeyCommand.swift in Sources */,
				37B09AE0259E94EA0012A2C8 /* String+ANSI.swift in Sources */,
				2B02728025B717DA00E5F90F /* PullCommand.swift in Sources */,
				37B09A98259D3FE70012A2C8 /* ConfigCommand.swift in Sources */,
				37B09ADC259E94CF0012A2C8 /* String+Extension.swift in Sources */,
				3773312D29A176E9001914C4 /* UUID+Extension.swift in Sources */,
				37B09AA2259D40300012A2C8 /* AddRepoCommand.swift in Sources */,
				37032A48253D055B00FA6F18 /* RepoCollection.swift in Sources */,
				37A97B4F2999AF1D0063B52F /* FileManager+Extension.swift in Sources */,
				2BE1322828006488008F03F3 /* PathCommand.swift in Sources */,
				37B09AA7259D40490012A2C8 /* RemoveGroupCommand.swift in Sources */,
				37032A51253D05AA00FA6F18 /* Status.swift in Sources */,
				37B09AC5259E927E0012A2C8 /* Git.swift in Sources */,
				37787BBD259EB96500C79308 /* ANSIColour.swift in Sources */,
				37032A5F253E889300FA6F18 /* Shell.swift in Sources */,
			);
			runOnlyForDeploymentPostprocessing = 0;
		};
/* End PBXSourcesBuildPhase section */

/* Begin XCBuildConfiguration section */
		2B2EE91D297992EA0015CF5A /* Debug */ = {
			isa = XCBuildConfiguration;
			buildSettings = {
				ASSETCATALOG_COMPILER_APPICON_NAME = AppIcon;
				ASSETCATALOG_COMPILER_GLOBAL_ACCENT_COLOR_NAME = AccentColor;
				CLANG_CXX_LANGUAGE_STANDARD = "gnu++20";
				CODE_SIGN_ENTITLEMENTS = RepoStatusUI/RepoStatusUI.entitlements;
				CODE_SIGN_STYLE = Automatic;
				CURRENT_PROJECT_VERSION = 1;
				DEVELOPMENT_ASSET_PATHS = "\"RepoStatusUI/Preview Content\"";
				ENABLE_PREVIEWS = YES;
				GENERATE_INFOPLIST_FILE = YES;
				INFOPLIST_KEY_CFBundleDisplayName = "Repo Status";
				"INFOPLIST_KEY_UIApplicationSceneManifest_Generation[sdk=iphoneos*]" = YES;
				"INFOPLIST_KEY_UIApplicationSceneManifest_Generation[sdk=iphonesimulator*]" = YES;
				"INFOPLIST_KEY_UIApplicationSupportsIndirectInputEvents[sdk=iphoneos*]" = YES;
				"INFOPLIST_KEY_UIApplicationSupportsIndirectInputEvents[sdk=iphonesimulator*]" = YES;
				"INFOPLIST_KEY_UILaunchScreen_Generation[sdk=iphoneos*]" = YES;
				"INFOPLIST_KEY_UILaunchScreen_Generation[sdk=iphonesimulator*]" = YES;
				"INFOPLIST_KEY_UIStatusBarStyle[sdk=iphoneos*]" = UIStatusBarStyleDefault;
				"INFOPLIST_KEY_UIStatusBarStyle[sdk=iphonesimulator*]" = UIStatusBarStyleDefault;
				INFOPLIST_KEY_UISupportedInterfaceOrientations_iPad = "UIInterfaceOrientationPortrait UIInterfaceOrientationPortraitUpsideDown UIInterfaceOrientationLandscapeLeft UIInterfaceOrientationLandscapeRight";
				INFOPLIST_KEY_UISupportedInterfaceOrientations_iPhone = "UIInterfaceOrientationPortrait UIInterfaceOrientationLandscapeLeft UIInterfaceOrientationLandscapeRight";
				IPHONEOS_DEPLOYMENT_TARGET = 16.2;
				LD_RUNPATH_SEARCH_PATHS = "@executable_path/Frameworks";
				"LD_RUNPATH_SEARCH_PATHS[sdk=macosx*]" = "@executable_path/../Frameworks";
				MACOSX_DEPLOYMENT_TARGET = 13.0;
				MARKETING_VERSION = 1.0;
				PRODUCT_BUNDLE_IDENTIFIER = com.remoteoutpostdevelopment.RepoStatusUI;
				PRODUCT_NAME = "$(TARGET_NAME)";
				SDKROOT = auto;
				SUPPORTED_PLATFORMS = "iphoneos iphonesimulator macosx";
				SWIFT_EMIT_LOC_STRINGS = YES;
				SWIFT_VERSION = 5.0;
				TARGETED_DEVICE_FAMILY = "1,2";
			};
			name = Debug;
		};
		2B2EE91E297992EA0015CF5A /* Release */ = {
			isa = XCBuildConfiguration;
			buildSettings = {
				ASSETCATALOG_COMPILER_APPICON_NAME = AppIcon;
				ASSETCATALOG_COMPILER_GLOBAL_ACCENT_COLOR_NAME = AccentColor;
				CLANG_CXX_LANGUAGE_STANDARD = "gnu++20";
				CODE_SIGN_ENTITLEMENTS = RepoStatusUI/RepoStatusUI.entitlements;
				CODE_SIGN_STYLE = Automatic;
				CURRENT_PROJECT_VERSION = 1;
				DEVELOPMENT_ASSET_PATHS = "\"RepoStatusUI/Preview Content\"";
				ENABLE_PREVIEWS = YES;
				GENERATE_INFOPLIST_FILE = YES;
				INFOPLIST_KEY_CFBundleDisplayName = "Repo Status";
				"INFOPLIST_KEY_UIApplicationSceneManifest_Generation[sdk=iphoneos*]" = YES;
				"INFOPLIST_KEY_UIApplicationSceneManifest_Generation[sdk=iphonesimulator*]" = YES;
				"INFOPLIST_KEY_UIApplicationSupportsIndirectInputEvents[sdk=iphoneos*]" = YES;
				"INFOPLIST_KEY_UIApplicationSupportsIndirectInputEvents[sdk=iphonesimulator*]" = YES;
				"INFOPLIST_KEY_UILaunchScreen_Generation[sdk=iphoneos*]" = YES;
				"INFOPLIST_KEY_UILaunchScreen_Generation[sdk=iphonesimulator*]" = YES;
				"INFOPLIST_KEY_UIStatusBarStyle[sdk=iphoneos*]" = UIStatusBarStyleDefault;
				"INFOPLIST_KEY_UIStatusBarStyle[sdk=iphonesimulator*]" = UIStatusBarStyleDefault;
				INFOPLIST_KEY_UISupportedInterfaceOrientations_iPad = "UIInterfaceOrientationPortrait UIInterfaceOrientationPortraitUpsideDown UIInterfaceOrientationLandscapeLeft UIInterfaceOrientationLandscapeRight";
				INFOPLIST_KEY_UISupportedInterfaceOrientations_iPhone = "UIInterfaceOrientationPortrait UIInterfaceOrientationLandscapeLeft UIInterfaceOrientationLandscapeRight";
				IPHONEOS_DEPLOYMENT_TARGET = 16.2;
				LD_RUNPATH_SEARCH_PATHS = "@executable_path/Frameworks";
				"LD_RUNPATH_SEARCH_PATHS[sdk=macosx*]" = "@executable_path/../Frameworks";
				MACOSX_DEPLOYMENT_TARGET = 13.0;
				MARKETING_VERSION = 1.0;
				PRODUCT_BUNDLE_IDENTIFIER = com.remoteoutpostdevelopment.RepoStatusUI;
				PRODUCT_NAME = "$(TARGET_NAME)";
				SDKROOT = auto;
				SUPPORTED_PLATFORMS = "iphoneos iphonesimulator macosx";
				SWIFT_EMIT_LOC_STRINGS = YES;
				SWIFT_VERSION = 5.0;
				TARGETED_DEVICE_FAMILY = "1,2";
			};
			name = Release;
		};
		3704FF59252BFB9D00E4A513 /* Debug */ = {
			isa = XCBuildConfiguration;
			buildSettings = {
				ALWAYS_SEARCH_USER_PATHS = NO;
				CLANG_ANALYZER_NONNULL = YES;
				CLANG_ANALYZER_NUMBER_OBJECT_CONVERSION = YES_AGGRESSIVE;
				CLANG_CXX_LANGUAGE_STANDARD = "gnu++14";
				CLANG_CXX_LIBRARY = "libc++";
				CLANG_ENABLE_MODULES = YES;
				CLANG_ENABLE_OBJC_ARC = YES;
				CLANG_ENABLE_OBJC_WEAK = YES;
				CLANG_WARN_BLOCK_CAPTURE_AUTORELEASING = YES;
				CLANG_WARN_BOOL_CONVERSION = YES;
				CLANG_WARN_COMMA = YES;
				CLANG_WARN_CONSTANT_CONVERSION = YES;
				CLANG_WARN_DEPRECATED_OBJC_IMPLEMENTATIONS = YES;
				CLANG_WARN_DIRECT_OBJC_ISA_USAGE = YES_ERROR;
				CLANG_WARN_DOCUMENTATION_COMMENTS = YES;
				CLANG_WARN_EMPTY_BODY = YES;
				CLANG_WARN_ENUM_CONVERSION = YES;
				CLANG_WARN_INFINITE_RECURSION = YES;
				CLANG_WARN_INT_CONVERSION = YES;
				CLANG_WARN_NON_LITERAL_NULL_CONVERSION = YES;
				CLANG_WARN_OBJC_IMPLICIT_RETAIN_SELF = YES;
				CLANG_WARN_OBJC_LITERAL_CONVERSION = YES;
				CLANG_WARN_OBJC_ROOT_CLASS = YES_ERROR;
				CLANG_WARN_QUOTED_INCLUDE_IN_FRAMEWORK_HEADER = YES;
				CLANG_WARN_RANGE_LOOP_ANALYSIS = YES;
				CLANG_WARN_STRICT_PROTOTYPES = YES;
				CLANG_WARN_SUSPICIOUS_MOVE = YES;
				CLANG_WARN_UNGUARDED_AVAILABILITY = YES_AGGRESSIVE;
				CLANG_WARN_UNREACHABLE_CODE = YES;
				CLANG_WARN__DUPLICATE_METHOD_MATCH = YES;
				COPY_PHASE_STRIP = NO;
				DEAD_CODE_STRIPPING = YES;
				DEBUG_INFORMATION_FORMAT = dwarf;
				ENABLE_STRICT_OBJC_MSGSEND = YES;
				ENABLE_TESTABILITY = YES;
				GCC_C_LANGUAGE_STANDARD = gnu11;
				GCC_DYNAMIC_NO_PIC = NO;
				GCC_NO_COMMON_BLOCKS = YES;
				GCC_OPTIMIZATION_LEVEL = 0;
				GCC_PREPROCESSOR_DEFINITIONS = (
					"DEBUG=1",
					"$(inherited)",
				);
				GCC_WARN_64_TO_32_BIT_CONVERSION = YES;
				GCC_WARN_ABOUT_RETURN_TYPE = YES_ERROR;
				GCC_WARN_UNDECLARED_SELECTOR = YES;
				GCC_WARN_UNINITIALIZED_AUTOS = YES_AGGRESSIVE;
				GCC_WARN_UNUSED_FUNCTION = YES;
				GCC_WARN_UNUSED_VARIABLE = YES;
				MACOSX_DEPLOYMENT_TARGET = 13.0;
				MTL_ENABLE_DEBUG_INFO = INCLUDE_SOURCE;
				MTL_FAST_MATH = YES;
				ONLY_ACTIVE_ARCH = YES;
				SDKROOT = macosx;
				SWIFT_ACTIVE_COMPILATION_CONDITIONS = DEBUG;
				SWIFT_OPTIMIZATION_LEVEL = "-Onone";
			};
			name = Debug;
		};
		3704FF5A252BFB9D00E4A513 /* Release */ = {
			isa = XCBuildConfiguration;
			buildSettings = {
				ALWAYS_SEARCH_USER_PATHS = NO;
				CLANG_ANALYZER_NONNULL = YES;
				CLANG_ANALYZER_NUMBER_OBJECT_CONVERSION = YES_AGGRESSIVE;
				CLANG_CXX_LANGUAGE_STANDARD = "gnu++14";
				CLANG_CXX_LIBRARY = "libc++";
				CLANG_ENABLE_MODULES = YES;
				CLANG_ENABLE_OBJC_ARC = YES;
				CLANG_ENABLE_OBJC_WEAK = YES;
				CLANG_WARN_BLOCK_CAPTURE_AUTORELEASING = YES;
				CLANG_WARN_BOOL_CONVERSION = YES;
				CLANG_WARN_COMMA = YES;
				CLANG_WARN_CONSTANT_CONVERSION = YES;
				CLANG_WARN_DEPRECATED_OBJC_IMPLEMENTATIONS = YES;
				CLANG_WARN_DIRECT_OBJC_ISA_USAGE = YES_ERROR;
				CLANG_WARN_DOCUMENTATION_COMMENTS = YES;
				CLANG_WARN_EMPTY_BODY = YES;
				CLANG_WARN_ENUM_CONVERSION = YES;
				CLANG_WARN_INFINITE_RECURSION = YES;
				CLANG_WARN_INT_CONVERSION = YES;
				CLANG_WARN_NON_LITERAL_NULL_CONVERSION = YES;
				CLANG_WARN_OBJC_IMPLICIT_RETAIN_SELF = YES;
				CLANG_WARN_OBJC_LITERAL_CONVERSION = YES;
				CLANG_WARN_OBJC_ROOT_CLASS = YES_ERROR;
				CLANG_WARN_QUOTED_INCLUDE_IN_FRAMEWORK_HEADER = YES;
				CLANG_WARN_RANGE_LOOP_ANALYSIS = YES;
				CLANG_WARN_STRICT_PROTOTYPES = YES;
				CLANG_WARN_SUSPICIOUS_MOVE = YES;
				CLANG_WARN_UNGUARDED_AVAILABILITY = YES_AGGRESSIVE;
				CLANG_WARN_UNREACHABLE_CODE = YES;
				CLANG_WARN__DUPLICATE_METHOD_MATCH = YES;
				COPY_PHASE_STRIP = NO;
				DEAD_CODE_STRIPPING = YES;
				DEBUG_INFORMATION_FORMAT = "dwarf-with-dsym";
				ENABLE_NS_ASSERTIONS = NO;
				ENABLE_STRICT_OBJC_MSGSEND = YES;
				GCC_C_LANGUAGE_STANDARD = gnu11;
				GCC_NO_COMMON_BLOCKS = YES;
				GCC_WARN_64_TO_32_BIT_CONVERSION = YES;
				GCC_WARN_ABOUT_RETURN_TYPE = YES_ERROR;
				GCC_WARN_UNDECLARED_SELECTOR = YES;
				GCC_WARN_UNINITIALIZED_AUTOS = YES_AGGRESSIVE;
				GCC_WARN_UNUSED_FUNCTION = YES;
				GCC_WARN_UNUSED_VARIABLE = YES;
				MACOSX_DEPLOYMENT_TARGET = 13.0;
				MTL_ENABLE_DEBUG_INFO = NO;
				MTL_FAST_MATH = YES;
				SDKROOT = macosx;
				SWIFT_COMPILATION_MODE = wholemodule;
				SWIFT_OPTIMIZATION_LEVEL = "-O";
			};
			name = Release;
		};
		3704FF5C252BFB9D00E4A513 /* Debug */ = {
			isa = XCBuildConfiguration;
			buildSettings = {
				CLANG_ENABLE_MODULES = YES;
				CODE_SIGN_ENTITLEMENTS = RepoStatus/RepoStatus.entitlements;
				CODE_SIGN_IDENTITY = "-";
				CODE_SIGN_STYLE = Automatic;
				DEAD_CODE_STRIPPING = YES;
				DEVELOPMENT_TEAM = 6874B44Y69;
				ENABLE_HARDENED_RUNTIME = NO;
				INFOPLIST_FILE = "$(SRCROOT)/RepoStatus/Info.plist";
				LD_RUNPATH_SEARCH_PATHS = (
					"$(inherited)",
					"@executable_path/../Frameworks",
					"@loader_path/../Frameworks",
				);
				MARKETING_VERSION = 0.0.2;
				PRODUCT_BUNDLE_IDENTIFIER = com.remoteoutpostdevelopment.repostatus;
				PRODUCT_NAME = "$(TARGET_NAME)";
				SWIFT_ACTIVE_COMPILATION_CONDITIONS = "DEBUG COMMANDLINE";
				SWIFT_OPTIMIZATION_LEVEL = "-Onone";
				SWIFT_VERSION = 5.0;
			};
			name = Debug;
		};
		3704FF5D252BFB9D00E4A513 /* Release */ = {
			isa = XCBuildConfiguration;
			buildSettings = {
				CLANG_ENABLE_MODULES = YES;
				CODE_SIGN_ENTITLEMENTS = RepoStatus/RepoStatus.entitlements;
				CODE_SIGN_IDENTITY = "-";
				CODE_SIGN_STYLE = Automatic;
				DEAD_CODE_STRIPPING = YES;
				DEVELOPMENT_TEAM = 6874B44Y69;
				ENABLE_HARDENED_RUNTIME = NO;
				INFOPLIST_FILE = "$(SRCROOT)/RepoStatus/Info.plist";
				LD_RUNPATH_SEARCH_PATHS = (
					"$(inherited)",
					"@executable_path/../Frameworks",
					"@loader_path/../Frameworks",
				);
				MARKETING_VERSION = 0.0.2;
				PRODUCT_BUNDLE_IDENTIFIER = com.remoteoutpostdevelopment.repostatus;
				PRODUCT_NAME = "$(TARGET_NAME)";
				SWIFT_VERSION = 5.0;
			};
			name = Release;
		};
/* End XCBuildConfiguration section */

/* Begin XCConfigurationList section */
		2B2EE91C297992EA0015CF5A /* Build configuration list for PBXNativeTarget "RepoStatusUI" */ = {
			isa = XCConfigurationList;
			buildConfigurations = (
				2B2EE91D297992EA0015CF5A /* Debug */,
				2B2EE91E297992EA0015CF5A /* Release */,
			);
			defaultConfigurationIsVisible = 0;
			defaultConfigurationName = Release;
		};
		3704FF4F252BFB9D00E4A513 /* Build configuration list for PBXProject "RepoStatus" */ = {
			isa = XCConfigurationList;
			buildConfigurations = (
				3704FF59252BFB9D00E4A513 /* Debug */,
				3704FF5A252BFB9D00E4A513 /* Release */,
			);
			defaultConfigurationIsVisible = 0;
			defaultConfigurationName = Release;
		};
		3704FF5B252BFB9D00E4A513 /* Build configuration list for PBXNativeTarget "RepoStatus" */ = {
			isa = XCConfigurationList;
			buildConfigurations = (
				3704FF5C252BFB9D00E4A513 /* Debug */,
				3704FF5D252BFB9D00E4A513 /* Release */,
			);
			defaultConfigurationIsVisible = 0;
			defaultConfigurationName = Release;
		};
/* End XCConfigurationList section */

/* Begin XCRemoteSwiftPackageReference section */
		37032A5A253E733800FA6F18 /* XCRemoteSwiftPackageReference "swift-argument-parser" */ = {
			isa = XCRemoteSwiftPackageReference;
			repositoryURL = "https://github.com/apple/swift-argument-parser.git";
			requirement = {
				kind = upToNextMinorVersion;
				minimumVersion = 0.3.1;
			};
		};
/* End XCRemoteSwiftPackageReference section */

/* Begin XCSwiftPackageProductDependency section */
		37032A5B253E733800FA6F18 /* ArgumentParser */ = {
			isa = XCSwiftPackageProductDependency;
			package = 37032A5A253E733800FA6F18 /* XCRemoteSwiftPackageReference "swift-argument-parser" */;
			productName = ArgumentParser;
		};
/* End XCSwiftPackageProductDependency section */
	};
	rootObject = 3704FF4C252BFB9D00E4A513 /* Project object */;
}
